Microsoft Visual Studio Solution File, Format Version 12.00
# Visual Studio 15
Project("{FAE04EC0-301F-11D3-BF4B-00C04F79EFBC}") = "Sample.NuGet.Xamarin", "samples\Sample.NuGet.Xamarin\Sample.NuGet.Xamarin.csproj", "{F841D5AF-30A2-481D-AF63-1BC24773C9B0}"
EndProject
Project("{FAE04EC0-301F-11D3-BF4B-00C04F79EFBC}") = "AppsFlyerBinding.Android", "AppsFlyerBinding.Android\AppsFlyerBinding.Android.csproj", "{15E0F236-7E3D-443A-A03A-8C88CD690D11}"
EndProject
Project("{FAE04EC0-301F-11D3-BF4B-00C04F79EFBC}") = "Sample.Android", "samples\Sample.Android\Sample.Android.csproj", "{9A5DA5BC-C54A-4AB3-A5DF-1C27C7B90C7A}"
EndProject
Global
	GlobalSection(SolutionConfigurationPlatforms) = preSolution
		Debug|Any CPU = Debug|Any CPU
		Release|Any CPU = Release|Any CPU
	EndGlobalSection
	GlobalSection(ProjectConfigurationPlatforms) = postSolution
		{F841D5AF-30A2-481D-AF63-1BC24773C9B0}.Debug|Any CPU.ActiveCfg = Debug|Any CPU
		{F841D5AF-30A2-481D-AF63-1BC24773C9B0}.Debug|Any CPU.Build.0 = Debug|Any CPU
		{F841D5AF-30A2-481D-AF63-1BC24773C9B0}.Release|Any CPU.ActiveCfg = Release|Any CPU
		{F841D5AF-30A2-481D-AF63-1BC24773C9B0}.Release|Any CPU.Build.0 = Release|Any CPU
		{15E0F236-7E3D-443A-A03A-8C88CD690D11}.Debug|Any CPU.ActiveCfg = Debug|Any CPU
		{15E0F236-7E3D-443A-A03A-8C88CD690D11}.Debug|Any CPU.Build.0 = Debug|Any CPU
		{15E0F236-7E3D-443A-A03A-8C88CD690D11}.Release|Any CPU.ActiveCfg = Release|Any CPU
		{15E0F236-7E3D-443A-A03A-8C88CD690D11}.Release|Any CPU.Build.0 = Release|Any CPU
		{9A5DA5BC-C54A-4AB3-A5DF-1C27C7B90C7A}.Debug|Any CPU.ActiveCfg = Debug|Any CPU
		{9A5DA5BC-C54A-4AB3-A5DF-1C27C7B90C7A}.Debug|Any CPU.Build.0 = Debug|Any CPU
		{9A5DA5BC-C54A-4AB3-A5DF-1C27C7B90C7A}.Release|Any CPU.ActiveCfg = Release|Any CPU
		{9A5DA5BC-C54A-4AB3-A5DF-1C27C7B90C7A}.Release|Any CPU.Build.0 = Release|Any CPU
	EndGlobalSection
	GlobalSection(MonoDevelopProperties) = preSolution
		Policies = $0
		$0.StandardHeader = $1
		$0.VersionControlPolicy = $2
	EndGlobalSection
EndGlobal
